
Microsoft Visual Studio Solution File, Format Version 12.00
# Visual Studio 14
VisualStudioVersion = 14.0.23107.0
MinimumVisualStudioVersion = 10.0.40219.1
Project("{FAE04EC0-301F-11D3-BF4B-00C04F79EFBC}") = "Generator", "Generator\Generator.csproj", "{DDD005C7-D63D-4707-9464-1BCB9FD00454}"
EndProject
Project("{FAE04EC0-301F-11D3-BF4B-00C04F79EFBC}") = "GeneratorLib", "GeneratorLib\GeneratorLib.csproj", "{ED3BEBD3-A9B9-42D9-A778-43E8CFB3B359}"
EndProject
Project("{FAE04EC0-301F-11D3-BF4B-00C04F79EFBC}") = "GeneratorUnitTests", "GeneratorUnitTests\GeneratorUnitTests.csproj", "{722A7321-13D5-42D2-9E10-EC337BBEDA92}"
EndProject
Project("{FAE04EC0-301F-11D3-BF4B-00C04F79EFBC}") = "glTFLoader", "glTFLoader\glTFLoader.csproj", "{C2F2E13B-594F-4592-A2D4-F44BBCE65F90}"
EndProject
Project("{FAE04EC0-301F-11D3-BF4B-00C04F79EFBC}") = "glTFLoaderUnitTests", "glTFLoaderUnitTests\glTFLoaderUnitTests.csproj", "{55C01A0A-61C6-478C-9AAC-874709AEA393}"
EndProject
Project("{FAE04EC0-301F-11D3-BF4B-00C04F79EFBC}") = "glTFLoader_Shared", "glTFLoader_Shared\glTFLoader_Shared.csproj", "{976EF0AA-4835-4B60-88B8-BF2FA02B571C}"
EndProject
Project("{FAE04EC0-301F-11D3-BF4B-00C04F79EFBC}") = "InstallerNuget", "InstallerNuget\InstallerNuget.csproj", "{1438AFD1-D3CA-4F00-AFB5-4804AFF5FF00}"
EndProject
Global
	GlobalSection(SolutionConfigurationPlatforms) = preSolution
		Debug|Any CPU = Debug|Any CPU
		Release|Any CPU = Release|Any CPU
	EndGlobalSection
	GlobalSection(ProjectConfigurationPlatforms) = postSolution
		{DDD005C7-D63D-4707-9464-1BCB9FD00454}.Debug|Any CPU.ActiveCfg = Debug|Any CPU
		{DDD005C7-D63D-4707-9464-1BCB9FD00454}.Debug|Any CPU.Build.0 = Debug|Any CPU
		{DDD005C7-D63D-4707-9464-1BCB9FD00454}.Release|Any CPU.ActiveCfg = Release|Any CPU
		{DDD005C7-D63D-4707-9464-1BCB9FD00454}.Release|Any CPU.Build.0 = Release|Any CPU
		{ED3BEBD3-A9B9-42D9-A778-43E8CFB3B359}.Debug|Any CPU.ActiveCfg = Debug|Any CPU
		{ED3BEBD3-A9B9-42D9-A778-43E8CFB3B359}.Debug|Any CPU.Build.0 = Debug|Any CPU
		{ED3BEBD3-A9B9-42D9-A778-43E8CFB3B359}.Release|Any CPU.ActiveCfg = Release|Any CPU
		{ED3BEBD3-A9B9-42D9-A778-43E8CFB3B359}.Release|Any CPU.Build.0 = Release|Any CPU
		{722A7321-13D5-42D2-9E10-EC337BBEDA92}.Debug|Any CPU.ActiveCfg = Debug|Any CPU
		{722A7321-13D5-42D2-9E10-EC337BBEDA92}.Debug|Any CPU.Build.0 = Debug|Any CPU
		{722A7321-13D5-42D2-9E10-EC337BBEDA92}.Release|Any CPU.ActiveCfg = Release|Any CPU
		{722A7321-13D5-42D2-9E10-EC337BBEDA92}.Release|Any CPU.Build.0 = Release|Any CPU
		{C2F2E13B-594F-4592-A2D4-F44BBCE65F90}.Debug|Any CPU.ActiveCfg = Debug|Any CPU
		{C2F2E13B-594F-4592-A2D4-F44BBCE65F90}.Debug|Any CPU.Build.0 = Debug|Any CPU
		{C2F2E13B-594F-4592-A2D4-F44BBCE65F90}.Release|Any CPU.ActiveCfg = Release|Any CPU
		{C2F2E13B-594F-4592-A2D4-F44BBCE65F90}.Release|Any CPU.Build.0 = Release|Any CPU
		{55C01A0A-61C6-478C-9AAC-874709AEA393}.Debug|Any CPU.ActiveCfg = Debug|Any CPU
		{55C01A0A-61C6-478C-9AAC-874709AEA393}.Debug|Any CPU.Build.0 = Debug|Any CPU
		{55C01A0A-61C6-478C-9AAC-874709AEA393}.Release|Any CPU.ActiveCfg = Release|Any CPU
		{55C01A0A-61C6-478C-9AAC-874709AEA393}.Release|Any CPU.Build.0 = Release|Any CPU
		{976EF0AA-4835-4B60-88B8-BF2FA02B571C}.Debug|Any CPU.ActiveCfg = Debug|Any CPU
		{976EF0AA-4835-4B60-88B8-BF2FA02B571C}.Debug|Any CPU.Build.0 = Debug|Any CPU
		{976EF0AA-4835-4B60-88B8-BF2FA02B571C}.Release|Any CPU.ActiveCfg = Release|Any CPU
		{976EF0AA-4835-4B60-88B8-BF2FA02B571C}.Release|Any CPU.Build.0 = Release|Any CPU
		{1438AFD1-D3CA-4F00-AFB5-4804AFF5FF00}.Debug|Any CPU.ActiveCfg = Debug|Any CPU
		{1438AFD1-D3CA-4F00-AFB5-4804AFF5FF00}.Debug|Any CPU.Build.0 = Debug|Any CPU
		{1438AFD1-D3CA-4F00-AFB5-4804AFF5FF00}.Release|Any CPU.ActiveCfg = Release|Any CPU
		{1438AFD1-D3CA-4F00-AFB5-4804AFF5FF00}.Release|Any CPU.Build.0 = Release|Any CPU
	EndGlobalSection
	GlobalSection(SolutionProperties) = preSolution
		HideSolutionNode = FALSE
	EndGlobalSection
EndGlobal
